// !$*UTF8*$!
{
	archiveVersion = 1;
	classes = {
	};
	objectVersion = 56;
	objects = {

/* Begin PBXBuildFile section */
		581DA8F52AA4A25700CB7939 /* CurrentBlock.swift in Sources */ = {isa = PBXBuildFile; fileRef = 581DA8F42AA4A25700CB7939 /* CurrentBlock.swift */; };
		581DA8F82AA5EEC400CB7939 /* Stripes in Frameworks */ = {isa = PBXBuildFile; productRef = 581DA8F72AA5EEC400CB7939 /* Stripes */; };
		581DA8FD2AA5F31D00CB7939 /* Splash.swift in Sources */ = {isa = PBXBuildFile; fileRef = 581DA8FC2AA5F31D00CB7939 /* Splash.swift */; };
		5837989E2A8B8318007C8A3F /* Date.swift in Sources */ = {isa = PBXBuildFile; fileRef = 5837989D2A8B8318007C8A3F /* Date.swift */; };
		583798A02A8B8323007C8A3F /* Color.swift in Sources */ = {isa = PBXBuildFile; fileRef = 5837989F2A8B8323007C8A3F /* Color.swift */; };
		584A6A692A878BA7005FE04F /* Smuzy.swift in Sources */ = {isa = PBXBuildFile; fileRef = 584A6A682A878BA7005FE04F /* Smuzy.swift */; };
		584A6A6B2A878BA7005FE04F /* DayScreen.swift in Sources */ = {isa = PBXBuildFile; fileRef = 584A6A6A2A878BA7005FE04F /* DayScreen.swift */; };
		584A6A6D2A878BA8005FE04F /* Assets.xcassets in Resources */ = {isa = PBXBuildFile; fileRef = 584A6A6C2A878BA8005FE04F /* Assets.xcassets */; };
		584A6A7B2A87949A005FE04F /* ProfileScreen.swift in Sources */ = {isa = PBXBuildFile; fileRef = 584A6A7A2A87949A005FE04F /* ProfileScreen.swift */; };
		584A6A7D2A8797EC005FE04F /* App.swift in Sources */ = {isa = PBXBuildFile; fileRef = 584A6A7C2A8797EC005FE04F /* App.swift */; };
		585498DE2AA3CA940075CC53 /* BlockModel.swift in Sources */ = {isa = PBXBuildFile; fileRef = 585498DD2AA3CA940075CC53 /* BlockModel.swift */; };
		585734BA2A91308900FB11A9 /* DayBlock.swift in Sources */ = {isa = PBXBuildFile; fileRef = 585734B92A91308900FB11A9 /* DayBlock.swift */; };
		585734BC2A92279B00FB11A9 /* DayBlockAnimation.swift in Sources */ = {isa = PBXBuildFile; fileRef = 585734BB2A92279B00FB11A9 /* DayBlockAnimation.swift */; };
		585734BE2A925DAC00FB11A9 /* Other.swift in Sources */ = {isa = PBXBuildFile; fileRef = 585734BD2A925DAC00FB11A9 /* Other.swift */; };
		585734C12A92C4FD00FB11A9 /* RoutineButton.swift in Sources */ = {isa = PBXBuildFile; fileRef = 585734C02A92C4FD00FB11A9 /* RoutineButton.swift */; };
		5884B9FA2A8D66AD00BCFBC3 /* View.swift in Sources */ = {isa = PBXBuildFile; fileRef = 5884B9F92A8D66AD00BCFBC3 /* View.swift */; };
		5884B9FC2A8D6C7400BCFBC3 /* CircleColorButton.swift in Sources */ = {isa = PBXBuildFile; fileRef = 5884B9FB2A8D6C7400BCFBC3 /* CircleColorButton.swift */; };
		58878A652A98BD6700D5F140 /* AlertToast in Frameworks */ = {isa = PBXBuildFile; productRef = 58878A642A98BD6700D5F140 /* AlertToast */; };
		58999CC72A879E84004B4B17 /* CalendarScreen.swift in Sources */ = {isa = PBXBuildFile; fileRef = 58999CC62A879E84004B4B17 /* CalendarScreen.swift */; };
		58999CC92A87A401004B4B17 /* DayGrid.swift in Sources */ = {isa = PBXBuildFile; fileRef = 58999CC82A87A401004B4B17 /* DayGrid.swift */; };
		58999CCD2A87AA33004B4B17 /* RoutineModel.swift in Sources */ = {isa = PBXBuildFile; fileRef = 58999CCC2A87AA33004B4B17 /* RoutineModel.swift */; };
		58999CD12A87AABA004B4B17 /* RoutinesListView.swift in Sources */ = {isa = PBXBuildFile; fileRef = 58999CD02A87AABA004B4B17 /* RoutinesListView.swift */; };
		58999CD32A87CC69004B4B17 /* State.swift in Sources */ = {isa = PBXBuildFile; fileRef = 58999CD22A87CC69004B4B17 /* State.swift */; };
		58999CD62A87CD29004B4B17 /* WrappingHStack.swift in Sources */ = {isa = PBXBuildFile; fileRef = 58999CD52A87CD29004B4B17 /* WrappingHStack.swift */; };
		58999CD82A87D707004B4B17 /* AddRoutineButton.swift in Sources */ = {isa = PBXBuildFile; fileRef = 58999CD72A87D707004B4B17 /* AddRoutineButton.swift */; };
		58999CDC2A87DB48004B4B17 /* RoutineFormView.swift in Sources */ = {isa = PBXBuildFile; fileRef = 58999CDB2A87DB48004B4B17 /* RoutineFormView.swift */; };
		58999CE32A8823AC004B4B17 /* Constants.swift in Sources */ = {isa = PBXBuildFile; fileRef = 58999CE22A8823AC004B4B17 /* Constants.swift */; };
/* End PBXBuildFile section */

/* Begin PBXFileReference section */
		581DA8F42AA4A25700CB7939 /* CurrentBlock.swift */ = {isa = PBXFileReference; lastKnownFileType = sourcecode.swift; path = CurrentBlock.swift; sourceTree = "<group>"; };
		581DA8FB2AA5F0F800CB7939 /* Info.plist */ = {isa = PBXFileReference; lastKnownFileType = text.plist.xml; path = Info.plist; sourceTree = "<group>"; };
		581DA8FC2AA5F31D00CB7939 /* Splash.swift */ = {isa = PBXFileReference; lastKnownFileType = sourcecode.swift; path = Splash.swift; sourceTree = "<group>"; };
		5837989D2A8B8318007C8A3F /* Date.swift */ = {isa = PBXFileReference; lastKnownFileType = sourcecode.swift; path = Date.swift; sourceTree = "<group>"; };
		5837989F2A8B8323007C8A3F /* Color.swift */ = {isa = PBXFileReference; lastKnownFileType = sourcecode.swift; path = Color.swift; sourceTree = "<group>"; };
		584A6A652A878BA7005FE04F /* smuzy.app */ = {isa = PBXFileReference; explicitFileType = wrapper.application; includeInIndex = 0; path = smuzy.app; sourceTree = BUILT_PRODUCTS_DIR; };
		584A6A682A878BA7005FE04F /* Smuzy.swift */ = {isa = PBXFileReference; lastKnownFileType = sourcecode.swift; path = Smuzy.swift; sourceTree = "<group>"; };
		584A6A6A2A878BA7005FE04F /* DayScreen.swift */ = {isa = PBXFileReference; lastKnownFileType = sourcecode.swift; path = DayScreen.swift; sourceTree = "<group>"; };
		584A6A6C2A878BA8005FE04F /* Assets.xcassets */ = {isa = PBXFileReference; lastKnownFileType = folder.assetcatalog; path = Assets.xcassets; sourceTree = "<group>"; };
		584A6A7A2A87949A005FE04F /* ProfileScreen.swift */ = {isa = PBXFileReference; lastKnownFileType = sourcecode.swift; path = ProfileScreen.swift; sourceTree = "<group>"; };
		584A6A7C2A8797EC005FE04F /* App.swift */ = {isa = PBXFileReference; lastKnownFileType = sourcecode.swift; path = App.swift; sourceTree = "<group>"; };
		585498DD2AA3CA940075CC53 /* BlockModel.swift */ = {isa = PBXFileReference; lastKnownFileType = sourcecode.swift; path = BlockModel.swift; sourceTree = "<group>"; };
		585734B92A91308900FB11A9 /* DayBlock.swift */ = {isa = PBXFileReference; lastKnownFileType = sourcecode.swift; path = DayBlock.swift; sourceTree = "<group>"; };
		585734BB2A92279B00FB11A9 /* DayBlockAnimation.swift */ = {isa = PBXFileReference; lastKnownFileType = sourcecode.swift; path = DayBlockAnimation.swift; sourceTree = "<group>"; };
		585734BD2A925DAC00FB11A9 /* Other.swift */ = {isa = PBXFileReference; lastKnownFileType = sourcecode.swift; path = Other.swift; sourceTree = "<group>"; };
		585734C02A92C4FD00FB11A9 /* RoutineButton.swift */ = {isa = PBXFileReference; lastKnownFileType = sourcecode.swift; path = RoutineButton.swift; sourceTree = "<group>"; };
		5884B9F92A8D66AD00BCFBC3 /* View.swift */ = {isa = PBXFileReference; lastKnownFileType = sourcecode.swift; path = View.swift; sourceTree = "<group>"; };
		5884B9FB2A8D6C7400BCFBC3 /* CircleColorButton.swift */ = {isa = PBXFileReference; lastKnownFileType = sourcecode.swift; path = CircleColorButton.swift; sourceTree = "<group>"; };
		58999CC62A879E84004B4B17 /* CalendarScreen.swift */ = {isa = PBXFileReference; lastKnownFileType = sourcecode.swift; path = CalendarScreen.swift; sourceTree = "<group>"; };
		58999CC82A87A401004B4B17 /* DayGrid.swift */ = {isa = PBXFileReference; lastKnownFileType = sourcecode.swift; path = DayGrid.swift; sourceTree = "<group>"; };
		58999CCC2A87AA33004B4B17 /* RoutineModel.swift */ = {isa = PBXFileReference; lastKnownFileType = sourcecode.swift; path = RoutineModel.swift; sourceTree = "<group>"; };
		58999CD02A87AABA004B4B17 /* RoutinesListView.swift */ = {isa = PBXFileReference; lastKnownFileType = sourcecode.swift; path = RoutinesListView.swift; sourceTree = "<group>"; };
		58999CD22A87CC69004B4B17 /* State.swift */ = {isa = PBXFileReference; lastKnownFileType = sourcecode.swift; path = State.swift; sourceTree = "<group>"; };
		58999CD52A87CD29004B4B17 /* WrappingHStack.swift */ = {isa = PBXFileReference; lastKnownFileType = sourcecode.swift; path = WrappingHStack.swift; sourceTree = "<group>"; };
		58999CD72A87D707004B4B17 /* AddRoutineButton.swift */ = {isa = PBXFileReference; lastKnownFileType = sourcecode.swift; path = AddRoutineButton.swift; sourceTree = "<group>"; };
		58999CDB2A87DB48004B4B17 /* RoutineFormView.swift */ = {isa = PBXFileReference; lastKnownFileType = sourcecode.swift; path = RoutineFormView.swift; sourceTree = "<group>"; };
		58999CE22A8823AC004B4B17 /* Constants.swift */ = {isa = PBXFileReference; lastKnownFileType = sourcecode.swift; path = Constants.swift; sourceTree = "<group>"; };
/* End PBXFileReference section */

/* Begin PBXFrameworksBuildPhase section */
		584A6A622A878BA7005FE04F /* Frameworks */ = {
			isa = PBXFrameworksBuildPhase;
			buildActionMask = 2147483647;
			files = (
				58878A652A98BD6700D5F140 /* AlertToast in Frameworks */,
				581DA8F82AA5EEC400CB7939 /* Stripes in Frameworks */,
			);
			runOnlyForDeploymentPostprocessing = 0;
		};
/* End PBXFrameworksBuildPhase section */

/* Begin PBXGroup section */
		5837989C2A8B830E007C8A3F /* extensions */ = {
			isa = PBXGroup;
			children = (
				5837989D2A8B8318007C8A3F /* Date.swift */,
				5837989F2A8B8323007C8A3F /* Color.swift */,
				5884B9F92A8D66AD00BCFBC3 /* View.swift */,
				585734BD2A925DAC00FB11A9 /* Other.swift */,
			);
			path = extensions;
			sourceTree = "<group>";
		};
		584A6A5C2A878BA7005FE04F = {
			isa = PBXGroup;
			children = (
				584A6A672A878BA7005FE04F /* smuzy */,
				584A6A662A878BA7005FE04F /* Products */,
			);
			sourceTree = "<group>";
		};
		584A6A662A878BA7005FE04F /* Products */ = {
			isa = PBXGroup;
			children = (
				584A6A652A878BA7005FE04F /* smuzy.app */,
			);
			name = Products;
			sourceTree = "<group>";
		};
		584A6A672A878BA7005FE04F /* smuzy */ = {
			isa = PBXGroup;
			children = (
				584A6A762A878EA9005FE04F /* common */,
				584A6A772A878EAE005FE04F /* features */,
				584A6A7C2A8797EC005FE04F /* App.swift */,
				58999CD22A87CC69004B4B17 /* State.swift */,
				584A6A682A878BA7005FE04F /* Smuzy.swift */,
				581DA8FC2AA5F31D00CB7939 /* Splash.swift */,
				584A6A6C2A878BA8005FE04F /* Assets.xcassets */,
				581DA8FB2AA5F0F800CB7939 /* Info.plist */,
			);
			path = smuzy;
			sourceTree = "<group>";
		};
		584A6A762A878EA9005FE04F /* common */ = {
			isa = PBXGroup;
			children = (
				585498DC2AA3C4330075CC53 /* models */,
				5837989C2A8B830E007C8A3F /* extensions */,
				58999CD42A87CD1E004B4B17 /* views */,
				58999CE22A8823AC004B4B17 /* Constants.swift */,
			);
			path = common;
			sourceTree = "<group>";
		};
		584A6A772A878EAE005FE04F /* features */ = {
			isa = PBXGroup;
			children = (
				58999CCB2A87AA23004B4B17 /* routines */,
				584A6A792A87947F005FE04F /* profile */,
				584A6A782A878F53005FE04F /* days */,
			);
			path = features;
			sourceTree = "<group>";
		};
		584A6A782A878F53005FE04F /* days */ = {
			isa = PBXGroup;
			children = (
				58999CCA2A87A8A2004B4B17 /* views */,
				58999CC62A879E84004B4B17 /* CalendarScreen.swift */,
				584A6A6A2A878BA7005FE04F /* DayScreen.swift */,
			);
			path = days;
			sourceTree = "<group>";
		};
		584A6A792A87947F005FE04F /* profile */ = {
			isa = PBXGroup;
			children = (
				584A6A7A2A87949A005FE04F /* ProfileScreen.swift */,
			);
			path = profile;
			sourceTree = "<group>";
		};
		585498DC2AA3C4330075CC53 /* models */ = {
			isa = PBXGroup;
			children = (
				58999CCC2A87AA33004B4B17 /* RoutineModel.swift */,
				585498DD2AA3CA940075CC53 /* BlockModel.swift */,
			);
			path = models;
			sourceTree = "<group>";
		};
		585734BF2A925E2C00FB11A9 /* block */ = {
			isa = PBXGroup;
			children = (
				585734B92A91308900FB11A9 /* DayBlock.swift */,
				585734BB2A92279B00FB11A9 /* DayBlockAnimation.swift */,
				581DA8F42AA4A25700CB7939 /* CurrentBlock.swift */,
			);
			path = block;
			sourceTree = "<group>";
		};
		58999CCA2A87A8A2004B4B17 /* views */ = {
			isa = PBXGroup;
			children = (
				585734BF2A925E2C00FB11A9 /* block */,
				58999CC82A87A401004B4B17 /* DayGrid.swift */,
			);
			path = views;
			sourceTree = "<group>";
		};
		58999CCB2A87AA23004B4B17 /* routines */ = {
			isa = PBXGroup;
			children = (
				58999CD92A87D746004B4B17 /* views */,
				58999CD02A87AABA004B4B17 /* RoutinesListView.swift */,
				58999CDB2A87DB48004B4B17 /* RoutineFormView.swift */,
			);
			path = routines;
			sourceTree = "<group>";
		};
		58999CD42A87CD1E004B4B17 /* views */ = {
			isa = PBXGroup;
			children = (
				58999CD52A87CD29004B4B17 /* WrappingHStack.swift */,
			);
			path = views;
			sourceTree = "<group>";
		};
		58999CD92A87D746004B4B17 /* views */ = {
			isa = PBXGroup;
			children = (
				585734C02A92C4FD00FB11A9 /* RoutineButton.swift */,
				58999CD72A87D707004B4B17 /* AddRoutineButton.swift */,
				5884B9FB2A8D6C7400BCFBC3 /* CircleColorButton.swift */,
			);
			path = views;
			sourceTree = "<group>";
		};
/* End PBXGroup section */

/* Begin PBXNativeTarget section */
		584A6A642A878BA7005FE04F /* smuzy */ = {
			isa = PBXNativeTarget;
			buildConfigurationList = 584A6A732A878BA8005FE04F /* Build configuration list for PBXNativeTarget "smuzy" */;
			buildPhases = (
				584A6A612A878BA7005FE04F /* Sources */,
				584A6A622A878BA7005FE04F /* Frameworks */,
				584A6A632A878BA7005FE04F /* Resources */,
			);
			buildRules = (
			);
			dependencies = (
			);
			name = smuzy;
			packageProductDependencies = (
				58878A642A98BD6700D5F140 /* AlertToast */,
				581DA8F72AA5EEC400CB7939 /* Stripes */,
			);
			productName = smuzy;
			productReference = 584A6A652A878BA7005FE04F /* smuzy.app */;
			productType = "com.apple.product-type.application";
		};
/* End PBXNativeTarget section */

/* Begin PBXProject section */
		584A6A5D2A878BA7005FE04F /* Project object */ = {
			isa = PBXProject;
			attributes = {
				BuildIndependentTargetsInParallel = 1;
				LastSwiftUpdateCheck = 1430;
				LastUpgradeCheck = 1430;
				TargetAttributes = {
					584A6A642A878BA7005FE04F = {
						CreatedOnToolsVersion = 14.3;
					};
				};
			};
			buildConfigurationList = 584A6A602A878BA7005FE04F /* Build configuration list for PBXProject "smuzy" */;
			compatibilityVersion = "Xcode 14.0";
			developmentRegion = en;
			hasScannedForEncodings = 0;
			knownRegions = (
				en,
				Base,
			);
			mainGroup = 584A6A5C2A878BA7005FE04F;
			packageReferences = (
				58878A632A98BD6700D5F140 /* XCRemoteSwiftPackageReference "AlertToast" */,
				581DA8F62AA5EEC400CB7939 /* XCRemoteSwiftPackageReference "Stripes" */,
			);
			productRefGroup = 584A6A662A878BA7005FE04F /* Products */;
			projectDirPath = "";
			projectRoot = "";
			targets = (
				584A6A642A878BA7005FE04F /* smuzy */,
			);
		};
/* End PBXProject section */

/* Begin PBXResourcesBuildPhase section */
		584A6A632A878BA7005FE04F /* Resources */ = {
			isa = PBXResourcesBuildPhase;
			buildActionMask = 2147483647;
			files = (
				584A6A6D2A878BA8005FE04F /* Assets.xcassets in Resources */,
			);
			runOnlyForDeploymentPostprocessing = 0;
		};
/* End PBXResourcesBuildPhase section */

/* Begin PBXSourcesBuildPhase section */
		584A6A612A878BA7005FE04F /* Sources */ = {
			isa = PBXSourcesBuildPhase;
			buildActionMask = 2147483647;
			files = (
				58999CD82A87D707004B4B17 /* AddRoutineButton.swift in Sources */,
				58999CC72A879E84004B4B17 /* CalendarScreen.swift in Sources */,
				5884B9FC2A8D6C7400BCFBC3 /* CircleColorButton.swift in Sources */,
				585734BC2A92279B00FB11A9 /* DayBlockAnimation.swift in Sources */,
				58999CD32A87CC69004B4B17 /* State.swift in Sources */,
				58999CDC2A87DB48004B4B17 /* RoutineFormView.swift in Sources */,
				5884B9FA2A8D66AD00BCFBC3 /* View.swift in Sources */,
				585734BE2A925DAC00FB11A9 /* Other.swift in Sources */,
				5837989E2A8B8318007C8A3F /* Date.swift in Sources */,
				581DA8F52AA4A25700CB7939 /* CurrentBlock.swift in Sources */,
				581DA8FD2AA5F31D00CB7939 /* Splash.swift in Sources */,
				58999CD12A87AABA004B4B17 /* RoutinesListView.swift in Sources */,
				58999CE32A8823AC004B4B17 /* Constants.swift in Sources */,
				585734C12A92C4FD00FB11A9 /* RoutineButton.swift in Sources */,
				584A6A7D2A8797EC005FE04F /* App.swift in Sources */,
				583798A02A8B8323007C8A3F /* Color.swift in Sources */,
				585498DE2AA3CA940075CC53 /* BlockModel.swift in Sources */,
				584A6A6B2A878BA7005FE04F /* DayScreen.swift in Sources */,
				585734BA2A91308900FB11A9 /* DayBlock.swift in Sources */,
				58999CC92A87A401004B4B17 /* DayGrid.swift in Sources */,
				58999CCD2A87AA33004B4B17 /* RoutineModel.swift in Sources */,
				58999CD62A87CD29004B4B17 /* WrappingHStack.swift in Sources */,
				584A6A692A878BA7005FE04F /* Smuzy.swift in Sources */,
				584A6A7B2A87949A005FE04F /* ProfileScreen.swift in Sources */,
			);
			runOnlyForDeploymentPostprocessing = 0;
		};
/* End PBXSourcesBuildPhase section */

/* Begin XCBuildConfiguration section */
		584A6A712A878BA8005FE04F /* Debug */ = {
			isa = XCBuildConfiguration;
			buildSettings = {
				ALWAYS_SEARCH_USER_PATHS = NO;
				CLANG_ANALYZER_NONNULL = YES;
				CLANG_ANALYZER_NUMBER_OBJECT_CONVERSION = YES_AGGRESSIVE;
				CLANG_CXX_LANGUAGE_STANDARD = "gnu++20";
				CLANG_ENABLE_MODULES = YES;
				CLANG_ENABLE_OBJC_ARC = YES;
				CLANG_ENABLE_OBJC_WEAK = YES;
				CLANG_WARN_BLOCK_CAPTURE_AUTORELEASING = YES;
				CLANG_WARN_BOOL_CONVERSION = YES;
				CLANG_WARN_COMMA = YES;
				CLANG_WARN_CONSTANT_CONVERSION = YES;
				CLANG_WARN_DEPRECATED_OBJC_IMPLEMENTATIONS = YES;
				CLANG_WARN_DIRECT_OBJC_ISA_USAGE = YES_ERROR;
				CLANG_WARN_DOCUMENTATION_COMMENTS = YES;
				CLANG_WARN_EMPTY_BODY = YES;
				CLANG_WARN_ENUM_CONVERSION = YES;
				CLANG_WARN_INFINITE_RECURSION = YES;
				CLANG_WARN_INT_CONVERSION = YES;
				CLANG_WARN_NON_LITERAL_NULL_CONVERSION = YES;
				CLANG_WARN_OBJC_IMPLICIT_RETAIN_SELF = YES;
				CLANG_WARN_OBJC_LITERAL_CONVERSION = YES;
				CLANG_WARN_OBJC_ROOT_CLASS = YES_ERROR;
				CLANG_WARN_QUOTED_INCLUDE_IN_FRAMEWORK_HEADER = YES;
				CLANG_WARN_RANGE_LOOP_ANALYSIS = YES;
				CLANG_WARN_STRICT_PROTOTYPES = YES;
				CLANG_WARN_SUSPICIOUS_MOVE = YES;
				CLANG_WARN_UNGUARDED_AVAILABILITY = YES_AGGRESSIVE;
				CLANG_WARN_UNREACHABLE_CODE = YES;
				CLANG_WARN__DUPLICATE_METHOD_MATCH = YES;
				COPY_PHASE_STRIP = NO;
				DEBUG_INFORMATION_FORMAT = dwarf;
				ENABLE_STRICT_OBJC_MSGSEND = YES;
				ENABLE_TESTABILITY = YES;
				GCC_C_LANGUAGE_STANDARD = gnu11;
				GCC_DYNAMIC_NO_PIC = NO;
				GCC_NO_COMMON_BLOCKS = YES;
				GCC_OPTIMIZATION_LEVEL = 0;
				GCC_PREPROCESSOR_DEFINITIONS = (
					"DEBUG=1",
					"$(inherited)",
				);
				GCC_WARN_64_TO_32_BIT_CONVERSION = YES;
				GCC_WARN_ABOUT_RETURN_TYPE = YES_ERROR;
				GCC_WARN_UNDECLARED_SELECTOR = YES;
				GCC_WARN_UNINITIALIZED_AUTOS = YES_AGGRESSIVE;
				GCC_WARN_UNUSED_FUNCTION = YES;
				GCC_WARN_UNUSED_VARIABLE = YES;
				IPHONEOS_DEPLOYMENT_TARGET = 17.0;
				MTL_ENABLE_DEBUG_INFO = INCLUDE_SOURCE;
				MTL_FAST_MATH = YES;
				ONLY_ACTIVE_ARCH = YES;
				SDKROOT = iphoneos;
				SWIFT_ACTIVE_COMPILATION_CONDITIONS = DEBUG;
				SWIFT_OPTIMIZATION_LEVEL = "-Onone";
			};
			name = Debug;
		};
		584A6A722A878BA8005FE04F /* Release */ = {
			isa = XCBuildConfiguration;
			buildSettings = {
				ALWAYS_SEARCH_USER_PATHS = NO;
				CLANG_ANALYZER_NONNULL = YES;
				CLANG_ANALYZER_NUMBER_OBJECT_CONVERSION = YES_AGGRESSIVE;
				CLANG_CXX_LANGUAGE_STANDARD = "gnu++20";
				CLANG_ENABLE_MODULES = YES;
				CLANG_ENABLE_OBJC_ARC = YES;
				CLANG_ENABLE_OBJC_WEAK = YES;
				CLANG_WARN_BLOCK_CAPTURE_AUTORELEASING = YES;
				CLANG_WARN_BOOL_CONVERSION = YES;
				CLANG_WARN_COMMA = YES;
				CLANG_WARN_CONSTANT_CONVERSION = YES;
				CLANG_WARN_DEPRECATED_OBJC_IMPLEMENTATIONS = YES;
				CLANG_WARN_DIRECT_OBJC_ISA_USAGE = YES_ERROR;
				CLANG_WARN_DOCUMENTATION_COMMENTS = YES;
				CLANG_WARN_EMPTY_BODY = YES;
				CLANG_WARN_ENUM_CONVERSION = YES;
				CLANG_WARN_INFINITE_RECURSION = YES;
				CLANG_WARN_INT_CONVERSION = YES;
				CLANG_WARN_NON_LITERAL_NULL_CONVERSION = YES;
				CLANG_WARN_OBJC_IMPLICIT_RETAIN_SELF = YES;
				CLANG_WARN_OBJC_LITERAL_CONVERSION = YES;
				CLANG_WARN_OBJC_ROOT_CLASS = YES_ERROR;
				CLANG_WARN_QUOTED_INCLUDE_IN_FRAMEWORK_HEADER = YES;
				CLANG_WARN_RANGE_LOOP_ANALYSIS = YES;
				CLANG_WARN_STRICT_PROTOTYPES = YES;
				CLANG_WARN_SUSPICIOUS_MOVE = YES;
				CLANG_WARN_UNGUARDED_AVAILABILITY = YES_AGGRESSIVE;
				CLANG_WARN_UNREACHABLE_CODE = YES;
				CLANG_WARN__DUPLICATE_METHOD_MATCH = YES;
				COPY_PHASE_STRIP = NO;
				DEBUG_INFORMATION_FORMAT = "dwarf-with-dsym";
				ENABLE_NS_ASSERTIONS = NO;
				ENABLE_STRICT_OBJC_MSGSEND = YES;
				GCC_C_LANGUAGE_STANDARD = gnu11;
				GCC_NO_COMMON_BLOCKS = YES;
				GCC_WARN_64_TO_32_BIT_CONVERSION = YES;
				GCC_WARN_ABOUT_RETURN_TYPE = YES_ERROR;
				GCC_WARN_UNDECLARED_SELECTOR = YES;
				GCC_WARN_UNINITIALIZED_AUTOS = YES_AGGRESSIVE;
				GCC_WARN_UNUSED_FUNCTION = YES;
				GCC_WARN_UNUSED_VARIABLE = YES;
				IPHONEOS_DEPLOYMENT_TARGET = 17.0;
				MTL_ENABLE_DEBUG_INFO = NO;
				MTL_FAST_MATH = YES;
				SDKROOT = iphoneos;
				SWIFT_COMPILATION_MODE = wholemodule;
				SWIFT_OPTIMIZATION_LEVEL = "-O";
				VALIDATE_PRODUCT = YES;
			};
			name = Release;
		};
		584A6A742A878BA8005FE04F /* Debug */ = {
			isa = XCBuildConfiguration;
			buildSettings = {
				ASSETCATALOG_COMPILER_APPICON_NAME = AppIcon;
				ASSETCATALOG_COMPILER_GLOBAL_ACCENT_COLOR_NAME = AccentColor;
				CODE_SIGN_STYLE = Automatic;
				CURRENT_PROJECT_VERSION = 1;
				DEVELOPMENT_ASSET_PATHS = "";
				DEVELOPMENT_TEAM = 942XU7M2X8;
				ENABLE_PREVIEWS = YES;
				GENERATE_INFOPLIST_FILE = YES;
				INFOPLIST_FILE = smuzy/Info.plist;
				INFOPLIST_KEY_CFBundleDisplayName = Smuzy;
				INFOPLIST_KEY_LSApplicationCategoryType = "public.app-category.productivity";
				INFOPLIST_KEY_UIApplicationSceneManifest_Generation = YES;
				INFOPLIST_KEY_UIApplicationSupportsIndirectInputEvents = YES;
				INFOPLIST_KEY_UISupportedInterfaceOrientations_iPad = "UIInterfaceOrientationPortrait UIInterfaceOrientationPortraitUpsideDown UIInterfaceOrientationLandscapeLeft UIInterfaceOrientationLandscapeRight";
				INFOPLIST_KEY_UISupportedInterfaceOrientations_iPhone = "UIInterfaceOrientationPortrait UIInterfaceOrientationLandscapeLeft UIInterfaceOrientationLandscapeRight";
				IPHONEOS_DEPLOYMENT_TARGET = 17.0;
				LD_RUNPATH_SEARCH_PATHS = (
					"$(inherited)",
					"@executable_path/Frameworks",
				);
				MARKETING_VERSION = 0.0.1;
				PRODUCT_BUNDLE_IDENTIFIER = com.azelenin.smuzy;
				PRODUCT_NAME = "$(TARGET_NAME)";
				SWIFT_EMIT_LOC_STRINGS = YES;
				SWIFT_VERSION = 5.0;
				TARGETED_DEVICE_FAMILY = "1,2";
			};
			name = Debug;
		};
		584A6A752A878BA8005FE04F /* Release */ = {
			isa = XCBuildConfiguration;
			buildSettings = {
				ASSETCATALOG_COMPILER_APPICON_NAME = AppIcon;
				ASSETCATALOG_COMPILER_GLOBAL_ACCENT_COLOR_NAME = AccentColor;
				CODE_SIGN_STYLE = Automatic;
				CURRENT_PROJECT_VERSION = 1;
				DEVELOPMENT_ASSET_PATHS = "";
				DEVELOPMENT_TEAM = 942XU7M2X8;
				ENABLE_PREVIEWS = YES;
				GENERATE_INFOPLIST_FILE = YES;
				INFOPLIST_FILE = smuzy/Info.plist;
				INFOPLIST_KEY_CFBundleDisplayName = Smuzy;
				INFOPLIST_KEY_LSApplicationCategoryType = "public.app-category.productivity";
				INFOPLIST_KEY_UIApplicationSceneManifest_Generation = YES;
				INFOPLIST_KEY_UIApplicationSupportsIndirectInputEvents = YES;
				INFOPLIST_KEY_UISupportedInterfaceOrientations_iPad = "UIInterfaceOrientationPortrait UIInterfaceOrientationPortraitUpsideDown UIInterfaceOrientationLandscapeLeft UIInterfaceOrientationLandscapeRight";
				INFOPLIST_KEY_UISupportedInterfaceOrientations_iPhone = "UIInterfaceOrientationPortrait UIInterfaceOrientationLandscapeLeft UIInterfaceOrientationLandscapeRight";
				IPHONEOS_DEPLOYMENT_TARGET = 17.0;
				LD_RUNPATH_SEARCH_PATHS = (
					"$(inherited)",
					"@executable_path/Frameworks",
				);
				MARKETING_VERSION = 0.0.1;
				PRODUCT_BUNDLE_IDENTIFIER = com.azelenin.smuzy;
				PRODUCT_NAME = "$(TARGET_NAME)";
				SWIFT_EMIT_LOC_STRINGS = YES;
				SWIFT_VERSION = 5.0;
				TARGETED_DEVICE_FAMILY = "1,2";
			};
			name = Release;
		};
/* End XCBuildConfiguration section */

/* Begin XCConfigurationList section */
		584A6A602A878BA7005FE04F /* Build configuration list for PBXProject "smuzy" */ = {
			isa = XCConfigurationList;
			buildConfigurations = (
				584A6A712A878BA8005FE04F /* Debug */,
				584A6A722A878BA8005FE04F /* Release */,
			);
			defaultConfigurationIsVisible = 0;
			defaultConfigurationName = Release;
		};
		584A6A732A878BA8005FE04F /* Build configuration list for PBXNativeTarget "smuzy" */ = {
			isa = XCConfigurationList;
			buildConfigurations = (
				584A6A742A878BA8005FE04F /* Debug */,
				584A6A752A878BA8005FE04F /* Release */,
			);
			defaultConfigurationIsVisible = 0;
			defaultConfigurationName = Release;
		};
/* End XCConfigurationList section */

/* Begin XCRemoteSwiftPackageReference section */
		581DA8F62AA5EEC400CB7939 /* XCRemoteSwiftPackageReference "Stripes" */ = {
			isa = XCRemoteSwiftPackageReference;
			repositoryURL = "https://github.com/eneko/Stripes";
			requirement = {
				kind = upToNextMajorVersion;
				minimumVersion = 0.2.0;
			};
		};
		58878A632A98BD6700D5F140 /* XCRemoteSwiftPackageReference "AlertToast" */ = {
			isa = XCRemoteSwiftPackageReference;
			repositoryURL = "https://github.com/elai950/AlertToast.git";
			requirement = {
				kind = upToNextMajorVersion;
				minimumVersion = 1.3.9;
			};
		};
/* End XCRemoteSwiftPackageReference section */

/* Begin XCSwiftPackageProductDependency section */
		581DA8F72AA5EEC400CB7939 /* Stripes */ = {
			isa = XCSwiftPackageProductDependency;
			package = 581DA8F62AA5EEC400CB7939 /* XCRemoteSwiftPackageReference "Stripes" */;
			productName = Stripes;
		};
		58878A642A98BD6700D5F140 /* AlertToast */ = {
			isa = XCSwiftPackageProductDependency;
			package = 58878A632A98BD6700D5F140 /* XCRemoteSwiftPackageReference "AlertToast" */;
			productName = AlertToast;
		};
/* End XCSwiftPackageProductDependency section */
	};
	rootObject = 584A6A5D2A878BA7005FE04F /* Project object */;
}
