// !$*UTF8*$!
{
	archiveVersion = 1;
	classes = {
	};
	objectVersion = 56;
	objects = {

/* Begin PBXBuildFile section */
		584A6A692A878BA7005FE04F /* Smuzy.swift in Sources */ = {isa = PBXBuildFile; fileRef = 584A6A682A878BA7005FE04F /* Smuzy.swift */; };
		584A6A6B2A878BA7005FE04F /* DayView.swift in Sources */ = {isa = PBXBuildFile; fileRef = 584A6A6A2A878BA7005FE04F /* DayView.swift */; };
		584A6A6D2A878BA8005FE04F /* Assets.xcassets in Resources */ = {isa = PBXBuildFile; fileRef = 584A6A6C2A878BA8005FE04F /* Assets.xcassets */; };
		584A6A702A878BA8005FE04F /* Preview Assets.xcassets in Resources */ = {isa = PBXBuildFile; fileRef = 584A6A6F2A878BA8005FE04F /* Preview Assets.xcassets */; };
		584A6A7B2A87949A005FE04F /* ProfileView.swift in Sources */ = {isa = PBXBuildFile; fileRef = 584A6A7A2A87949A005FE04F /* ProfileView.swift */; };
		584A6A7D2A8797EC005FE04F /* AppView.swift in Sources */ = {isa = PBXBuildFile; fileRef = 584A6A7C2A8797EC005FE04F /* AppView.swift */; };
		58999CC72A879E84004B4B17 /* CalendarView.swift in Sources */ = {isa = PBXBuildFile; fileRef = 58999CC62A879E84004B4B17 /* CalendarView.swift */; };
		58999CC92A87A401004B4B17 /* DayGridView.swift in Sources */ = {isa = PBXBuildFile; fileRef = 58999CC82A87A401004B4B17 /* DayGridView.swift */; };
		58999CCD2A87AA33004B4B17 /* RoutineModel.swift in Sources */ = {isa = PBXBuildFile; fileRef = 58999CCC2A87AA33004B4B17 /* RoutineModel.swift */; };
		58999CCF2A87AA9D004B4B17 /* RoutineButtonView.swift in Sources */ = {isa = PBXBuildFile; fileRef = 58999CCE2A87AA9D004B4B17 /* RoutineButtonView.swift */; };
		58999CD12A87AABA004B4B17 /* RoutinesListView.swift in Sources */ = {isa = PBXBuildFile; fileRef = 58999CD02A87AABA004B4B17 /* RoutinesListView.swift */; };
		58999CD32A87CC69004B4B17 /* AppState.swift in Sources */ = {isa = PBXBuildFile; fileRef = 58999CD22A87CC69004B4B17 /* AppState.swift */; };
		58999CD62A87CD29004B4B17 /* WrappingHStack.swift in Sources */ = {isa = PBXBuildFile; fileRef = 58999CD52A87CD29004B4B17 /* WrappingHStack.swift */; };
		58999CD82A87D707004B4B17 /* AddRoutineButton.swift in Sources */ = {isa = PBXBuildFile; fileRef = 58999CD72A87D707004B4B17 /* AddRoutineButton.swift */; };
		58999CDC2A87DB48004B4B17 /* RoutineFormView.swift in Sources */ = {isa = PBXBuildFile; fileRef = 58999CDB2A87DB48004B4B17 /* RoutineFormView.swift */; };
		58999CDE2A88024F004B4B17 /* DayUtils.swift in Sources */ = {isa = PBXBuildFile; fileRef = 58999CDD2A88024F004B4B17 /* DayUtils.swift */; };
/* End PBXBuildFile section */

/* Begin PBXFileReference section */
		584A6A652A878BA7005FE04F /* smuzy.app */ = {isa = PBXFileReference; explicitFileType = wrapper.application; includeInIndex = 0; path = smuzy.app; sourceTree = BUILT_PRODUCTS_DIR; };
		584A6A682A878BA7005FE04F /* Smuzy.swift */ = {isa = PBXFileReference; lastKnownFileType = sourcecode.swift; path = Smuzy.swift; sourceTree = "<group>"; };
		584A6A6A2A878BA7005FE04F /* DayView.swift */ = {isa = PBXFileReference; lastKnownFileType = sourcecode.swift; path = DayView.swift; sourceTree = "<group>"; };
		584A6A6C2A878BA8005FE04F /* Assets.xcassets */ = {isa = PBXFileReference; lastKnownFileType = folder.assetcatalog; path = Assets.xcassets; sourceTree = "<group>"; };
		584A6A6F2A878BA8005FE04F /* Preview Assets.xcassets */ = {isa = PBXFileReference; lastKnownFileType = folder.assetcatalog; path = "Preview Assets.xcassets"; sourceTree = "<group>"; };
		584A6A7A2A87949A005FE04F /* ProfileView.swift */ = {isa = PBXFileReference; lastKnownFileType = sourcecode.swift; path = ProfileView.swift; sourceTree = "<group>"; };
		584A6A7C2A8797EC005FE04F /* AppView.swift */ = {isa = PBXFileReference; lastKnownFileType = sourcecode.swift; path = AppView.swift; sourceTree = "<group>"; };
		58999CC62A879E84004B4B17 /* CalendarView.swift */ = {isa = PBXFileReference; lastKnownFileType = sourcecode.swift; path = CalendarView.swift; sourceTree = "<group>"; };
		58999CC82A87A401004B4B17 /* DayGridView.swift */ = {isa = PBXFileReference; lastKnownFileType = sourcecode.swift; path = DayGridView.swift; sourceTree = "<group>"; };
		58999CCC2A87AA33004B4B17 /* RoutineModel.swift */ = {isa = PBXFileReference; lastKnownFileType = sourcecode.swift; path = RoutineModel.swift; sourceTree = "<group>"; };
		58999CCE2A87AA9D004B4B17 /* RoutineButtonView.swift */ = {isa = PBXFileReference; lastKnownFileType = sourcecode.swift; path = RoutineButtonView.swift; sourceTree = "<group>"; };
		58999CD02A87AABA004B4B17 /* RoutinesListView.swift */ = {isa = PBXFileReference; lastKnownFileType = sourcecode.swift; path = RoutinesListView.swift; sourceTree = "<group>"; };
		58999CD22A87CC69004B4B17 /* AppState.swift */ = {isa = PBXFileReference; lastKnownFileType = sourcecode.swift; path = AppState.swift; sourceTree = "<group>"; };
		58999CD52A87CD29004B4B17 /* WrappingHStack.swift */ = {isa = PBXFileReference; lastKnownFileType = sourcecode.swift; path = WrappingHStack.swift; sourceTree = "<group>"; };
		58999CD72A87D707004B4B17 /* AddRoutineButton.swift */ = {isa = PBXFileReference; lastKnownFileType = sourcecode.swift; path = AddRoutineButton.swift; sourceTree = "<group>"; };
		58999CDB2A87DB48004B4B17 /* RoutineFormView.swift */ = {isa = PBXFileReference; lastKnownFileType = sourcecode.swift; path = RoutineFormView.swift; sourceTree = "<group>"; };
		58999CDD2A88024F004B4B17 /* DayUtils.swift */ = {isa = PBXFileReference; lastKnownFileType = sourcecode.swift; path = DayUtils.swift; sourceTree = "<group>"; };
/* End PBXFileReference section */

/* Begin PBXFrameworksBuildPhase section */
		584A6A622A878BA7005FE04F /* Frameworks */ = {
			isa = PBXFrameworksBuildPhase;
			buildActionMask = 2147483647;
			files = (
			);
			runOnlyForDeploymentPostprocessing = 0;
		};
/* End PBXFrameworksBuildPhase section */

/* Begin PBXGroup section */
		584A6A5C2A878BA7005FE04F = {
			isa = PBXGroup;
			children = (
				584A6A672A878BA7005FE04F /* smuzy */,
				584A6A662A878BA7005FE04F /* Products */,
			);
			sourceTree = "<group>";
		};
		584A6A662A878BA7005FE04F /* Products */ = {
			isa = PBXGroup;
			children = (
				584A6A652A878BA7005FE04F /* smuzy.app */,
			);
			name = Products;
			sourceTree = "<group>";
		};
		584A6A672A878BA7005FE04F /* smuzy */ = {
			isa = PBXGroup;
			children = (
				584A6A762A878EA9005FE04F /* common */,
				584A6A772A878EAE005FE04F /* features */,
				584A6A682A878BA7005FE04F /* Smuzy.swift */,
				584A6A6C2A878BA8005FE04F /* Assets.xcassets */,
				584A6A6E2A878BA8005FE04F /* Preview Content */,
			);
			path = smuzy;
			sourceTree = "<group>";
		};
		584A6A6E2A878BA8005FE04F /* Preview Content */ = {
			isa = PBXGroup;
			children = (
				584A6A6F2A878BA8005FE04F /* Preview Assets.xcassets */,
			);
			path = "Preview Content";
			sourceTree = "<group>";
		};
		584A6A762A878EA9005FE04F /* common */ = {
			isa = PBXGroup;
			children = (
				58999CD42A87CD1E004B4B17 /* views */,
			);
			path = common;
			sourceTree = "<group>";
		};
		584A6A772A878EAE005FE04F /* features */ = {
			isa = PBXGroup;
			children = (
				58999CCB2A87AA23004B4B17 /* routines */,
				584A6A792A87947F005FE04F /* profile */,
				584A6A782A878F53005FE04F /* days */,
				584A6A7C2A8797EC005FE04F /* AppView.swift */,
				58999CD22A87CC69004B4B17 /* AppState.swift */,
			);
			path = features;
			sourceTree = "<group>";
		};
		584A6A782A878F53005FE04F /* days */ = {
			isa = PBXGroup;
			children = (
				58999CCA2A87A8A2004B4B17 /* views */,
				584A6A6A2A878BA7005FE04F /* DayView.swift */,
				58999CDD2A88024F004B4B17 /* DayUtils.swift */,
			);
			path = days;
			sourceTree = "<group>";
		};
		584A6A792A87947F005FE04F /* profile */ = {
			isa = PBXGroup;
			children = (
				584A6A7A2A87949A005FE04F /* ProfileView.swift */,
			);
			path = profile;
			sourceTree = "<group>";
		};
		58999CCA2A87A8A2004B4B17 /* views */ = {
			isa = PBXGroup;
			children = (
				58999CC62A879E84004B4B17 /* CalendarView.swift */,
				58999CC82A87A401004B4B17 /* DayGridView.swift */,
			);
			path = views;
			sourceTree = "<group>";
		};
		58999CCB2A87AA23004B4B17 /* routines */ = {
			isa = PBXGroup;
			children = (
				58999CDA2A87D75B004B4B17 /* data */,
				58999CD92A87D746004B4B17 /* views */,
				58999CD02A87AABA004B4B17 /* RoutinesListView.swift */,
				58999CDB2A87DB48004B4B17 /* RoutineFormView.swift */,
			);
			path = routines;
			sourceTree = "<group>";
		};
		58999CD42A87CD1E004B4B17 /* views */ = {
			isa = PBXGroup;
			children = (
				58999CD52A87CD29004B4B17 /* WrappingHStack.swift */,
			);
			path = views;
			sourceTree = "<group>";
		};
		58999CD92A87D746004B4B17 /* views */ = {
			isa = PBXGroup;
			children = (
				58999CCE2A87AA9D004B4B17 /* RoutineButtonView.swift */,
				58999CD72A87D707004B4B17 /* AddRoutineButton.swift */,
			);
			path = views;
			sourceTree = "<group>";
		};
		58999CDA2A87D75B004B4B17 /* data */ = {
			isa = PBXGroup;
			children = (
				58999CCC2A87AA33004B4B17 /* RoutineModel.swift */,
			);
			path = data;
			sourceTree = "<group>";
		};
/* End PBXGroup section */

/* Begin PBXNativeTarget section */
		584A6A642A878BA7005FE04F /* smuzy */ = {
			isa = PBXNativeTarget;
			buildConfigurationList = 584A6A732A878BA8005FE04F /* Build configuration list for PBXNativeTarget "smuzy" */;
			buildPhases = (
				584A6A612A878BA7005FE04F /* Sources */,
				584A6A622A878BA7005FE04F /* Frameworks */,
				584A6A632A878BA7005FE04F /* Resources */,
			);
			buildRules = (
			);
			dependencies = (
			);
			name = smuzy;
			productName = smuzy;
			productReference = 584A6A652A878BA7005FE04F /* smuzy.app */;
			productType = "com.apple.product-type.application";
		};
/* End PBXNativeTarget section */

/* Begin PBXProject section */
		584A6A5D2A878BA7005FE04F /* Project object */ = {
			isa = PBXProject;
			attributes = {
				BuildIndependentTargetsInParallel = 1;
				LastSwiftUpdateCheck = 1430;
				LastUpgradeCheck = 1430;
				TargetAttributes = {
					584A6A642A878BA7005FE04F = {
						CreatedOnToolsVersion = 14.3;
					};
				};
			};
			buildConfigurationList = 584A6A602A878BA7005FE04F /* Build configuration list for PBXProject "smuzy" */;
			compatibilityVersion = "Xcode 14.0";
			developmentRegion = en;
			hasScannedForEncodings = 0;
			knownRegions = (
				en,
				Base,
			);
			mainGroup = 584A6A5C2A878BA7005FE04F;
			productRefGroup = 584A6A662A878BA7005FE04F /* Products */;
			projectDirPath = "";
			projectRoot = "";
			targets = (
				584A6A642A878BA7005FE04F /* smuzy */,
			);
		};
/* End PBXProject section */

/* Begin PBXResourcesBuildPhase section */
		584A6A632A878BA7005FE04F /* Resources */ = {
			isa = PBXResourcesBuildPhase;
			buildActionMask = 2147483647;
			files = (
				584A6A702A878BA8005FE04F /* Preview Assets.xcassets in Resources */,
				584A6A6D2A878BA8005FE04F /* Assets.xcassets in Resources */,
			);
			runOnlyForDeploymentPostprocessing = 0;
		};
/* End PBXResourcesBuildPhase section */

/* Begin PBXSourcesBuildPhase section */
		584A6A612A878BA7005FE04F /* Sources */ = {
			isa = PBXSourcesBuildPhase;
			buildActionMask = 2147483647;
			files = (
				58999CDE2A88024F004B4B17 /* DayUtils.swift in Sources */,
				58999CD82A87D707004B4B17 /* AddRoutineButton.swift in Sources */,
				58999CC72A879E84004B4B17 /* CalendarView.swift in Sources */,
				58999CD32A87CC69004B4B17 /* AppState.swift in Sources */,
				58999CDC2A87DB48004B4B17 /* RoutineFormView.swift in Sources */,
				58999CD12A87AABA004B4B17 /* RoutinesListView.swift in Sources */,
				584A6A7D2A8797EC005FE04F /* AppView.swift in Sources */,
				584A6A6B2A878BA7005FE04F /* DayView.swift in Sources */,
				58999CC92A87A401004B4B17 /* DayGridView.swift in Sources */,
				58999CCD2A87AA33004B4B17 /* RoutineModel.swift in Sources */,
				58999CD62A87CD29004B4B17 /* WrappingHStack.swift in Sources */,
				584A6A692A878BA7005FE04F /* Smuzy.swift in Sources */,
				584A6A7B2A87949A005FE04F /* ProfileView.swift in Sources */,
				58999CCF2A87AA9D004B4B17 /* RoutineButtonView.swift in Sources */,
			);
			runOnlyForDeploymentPostprocessing = 0;
		};
/* End PBXSourcesBuildPhase section */

/* Begin XCBuildConfiguration section */
		584A6A712A878BA8005FE04F /* Debug */ = {
			isa = XCBuildConfiguration;
			buildSettings = {
				ALWAYS_SEARCH_USER_PATHS = NO;
				CLANG_ANALYZER_NONNULL = YES;
				CLANG_ANALYZER_NUMBER_OBJECT_CONVERSION = YES_AGGRESSIVE;
				CLANG_CXX_LANGUAGE_STANDARD = "gnu++20";
				CLANG_ENABLE_MODULES = YES;
				CLANG_ENABLE_OBJC_ARC = YES;
				CLANG_ENABLE_OBJC_WEAK = YES;
				CLANG_WARN_BLOCK_CAPTURE_AUTORELEASING = YES;
				CLANG_WARN_BOOL_CONVERSION = YES;
				CLANG_WARN_COMMA = YES;
				CLANG_WARN_CONSTANT_CONVERSION = YES;
				CLANG_WARN_DEPRECATED_OBJC_IMPLEMENTATIONS = YES;
				CLANG_WARN_DIRECT_OBJC_ISA_USAGE = YES_ERROR;
				CLANG_WARN_DOCUMENTATION_COMMENTS = YES;
				CLANG_WARN_EMPTY_BODY = YES;
				CLANG_WARN_ENUM_CONVERSION = YES;
				CLANG_WARN_INFINITE_RECURSION = YES;
				CLANG_WARN_INT_CONVERSION = YES;
				CLANG_WARN_NON_LITERAL_NULL_CONVERSION = YES;
				CLANG_WARN_OBJC_IMPLICIT_RETAIN_SELF = YES;
				CLANG_WARN_OBJC_LITERAL_CONVERSION = YES;
				CLANG_WARN_OBJC_ROOT_CLASS = YES_ERROR;
				CLANG_WARN_QUOTED_INCLUDE_IN_FRAMEWORK_HEADER = YES;
				CLANG_WARN_RANGE_LOOP_ANALYSIS = YES;
				CLANG_WARN_STRICT_PROTOTYPES = YES;
				CLANG_WARN_SUSPICIOUS_MOVE = YES;
				CLANG_WARN_UNGUARDED_AVAILABILITY = YES_AGGRESSIVE;
				CLANG_WARN_UNREACHABLE_CODE = YES;
				CLANG_WARN__DUPLICATE_METHOD_MATCH = YES;
				COPY_PHASE_STRIP = NO;
				DEBUG_INFORMATION_FORMAT = dwarf;
				ENABLE_STRICT_OBJC_MSGSEND = YES;
				ENABLE_TESTABILITY = YES;
				GCC_C_LANGUAGE_STANDARD = gnu11;
				GCC_DYNAMIC_NO_PIC = NO;
				GCC_NO_COMMON_BLOCKS = YES;
				GCC_OPTIMIZATION_LEVEL = 0;
				GCC_PREPROCESSOR_DEFINITIONS = (
					"DEBUG=1",
					"$(inherited)",
				);
				GCC_WARN_64_TO_32_BIT_CONVERSION = YES;
				GCC_WARN_ABOUT_RETURN_TYPE = YES_ERROR;
				GCC_WARN_UNDECLARED_SELECTOR = YES;
				GCC_WARN_UNINITIALIZED_AUTOS = YES_AGGRESSIVE;
				GCC_WARN_UNUSED_FUNCTION = YES;
				GCC_WARN_UNUSED_VARIABLE = YES;
				IPHONEOS_DEPLOYMENT_TARGET = 16.4;
				MTL_ENABLE_DEBUG_INFO = INCLUDE_SOURCE;
				MTL_FAST_MATH = YES;
				ONLY_ACTIVE_ARCH = YES;
				SDKROOT = iphoneos;
				SWIFT_ACTIVE_COMPILATION_CONDITIONS = DEBUG;
				SWIFT_OPTIMIZATION_LEVEL = "-Onone";
			};
			name = Debug;
		};
		584A6A722A878BA8005FE04F /* Release */ = {
			isa = XCBuildConfiguration;
			buildSettings = {
				ALWAYS_SEARCH_USER_PATHS = NO;
				CLANG_ANALYZER_NONNULL = YES;
				CLANG_ANALYZER_NUMBER_OBJECT_CONVERSION = YES_AGGRESSIVE;
				CLANG_CXX_LANGUAGE_STANDARD = "gnu++20";
				CLANG_ENABLE_MODULES = YES;
				CLANG_ENABLE_OBJC_ARC = YES;
				CLANG_ENABLE_OBJC_WEAK = YES;
				CLANG_WARN_BLOCK_CAPTURE_AUTORELEASING = YES;
				CLANG_WARN_BOOL_CONVERSION = YES;
				CLANG_WARN_COMMA = YES;
				CLANG_WARN_CONSTANT_CONVERSION = YES;
				CLANG_WARN_DEPRECATED_OBJC_IMPLEMENTATIONS = YES;
				CLANG_WARN_DIRECT_OBJC_ISA_USAGE = YES_ERROR;
				CLANG_WARN_DOCUMENTATION_COMMENTS = YES;
				CLANG_WARN_EMPTY_BODY = YES;
				CLANG_WARN_ENUM_CONVERSION = YES;
				CLANG_WARN_INFINITE_RECURSION = YES;
				CLANG_WARN_INT_CONVERSION = YES;
				CLANG_WARN_NON_LITERAL_NULL_CONVERSION = YES;
				CLANG_WARN_OBJC_IMPLICIT_RETAIN_SELF = YES;
				CLANG_WARN_OBJC_LITERAL_CONVERSION = YES;
				CLANG_WARN_OBJC_ROOT_CLASS = YES_ERROR;
				CLANG_WARN_QUOTED_INCLUDE_IN_FRAMEWORK_HEADER = YES;
				CLANG_WARN_RANGE_LOOP_ANALYSIS = YES;
				CLANG_WARN_STRICT_PROTOTYPES = YES;
				CLANG_WARN_SUSPICIOUS_MOVE = YES;
				CLANG_WARN_UNGUARDED_AVAILABILITY = YES_AGGRESSIVE;
				CLANG_WARN_UNREACHABLE_CODE = YES;
				CLANG_WARN__DUPLICATE_METHOD_MATCH = YES;
				COPY_PHASE_STRIP = NO;
				DEBUG_INFORMATION_FORMAT = "dwarf-with-dsym";
				ENABLE_NS_ASSERTIONS = NO;
				ENABLE_STRICT_OBJC_MSGSEND = YES;
				GCC_C_LANGUAGE_STANDARD = gnu11;
				GCC_NO_COMMON_BLOCKS = YES;
				GCC_WARN_64_TO_32_BIT_CONVERSION = YES;
				GCC_WARN_ABOUT_RETURN_TYPE = YES_ERROR;
				GCC_WARN_UNDECLARED_SELECTOR = YES;
				GCC_WARN_UNINITIALIZED_AUTOS = YES_AGGRESSIVE;
				GCC_WARN_UNUSED_FUNCTION = YES;
				GCC_WARN_UNUSED_VARIABLE = YES;
				IPHONEOS_DEPLOYMENT_TARGET = 16.4;
				MTL_ENABLE_DEBUG_INFO = NO;
				MTL_FAST_MATH = YES;
				SDKROOT = iphoneos;
				SWIFT_COMPILATION_MODE = wholemodule;
				SWIFT_OPTIMIZATION_LEVEL = "-O";
				VALIDATE_PRODUCT = YES;
			};
			name = Release;
		};
		584A6A742A878BA8005FE04F /* Debug */ = {
			isa = XCBuildConfiguration;
			buildSettings = {
				ASSETCATALOG_COMPILER_APPICON_NAME = AppIcon;
				ASSETCATALOG_COMPILER_GLOBAL_ACCENT_COLOR_NAME = AccentColor;
				CODE_SIGN_STYLE = Automatic;
				CURRENT_PROJECT_VERSION = 1;
				DEVELOPMENT_ASSET_PATHS = "\"smuzy/Preview Content\"";
				DEVELOPMENT_TEAM = 8QXV87X854;
				ENABLE_PREVIEWS = YES;
				GENERATE_INFOPLIST_FILE = YES;
				INFOPLIST_KEY_UIApplicationSceneManifest_Generation = YES;
				INFOPLIST_KEY_UIApplicationSupportsIndirectInputEvents = YES;
				INFOPLIST_KEY_UILaunchScreen_Generation = YES;
				INFOPLIST_KEY_UISupportedInterfaceOrientations_iPad = "UIInterfaceOrientationPortrait UIInterfaceOrientationPortraitUpsideDown UIInterfaceOrientationLandscapeLeft UIInterfaceOrientationLandscapeRight";
				INFOPLIST_KEY_UISupportedInterfaceOrientations_iPhone = "UIInterfaceOrientationPortrait UIInterfaceOrientationLandscapeLeft UIInterfaceOrientationLandscapeRight";
				LD_RUNPATH_SEARCH_PATHS = (
					"$(inherited)",
					"@executable_path/Frameworks",
				);
				MARKETING_VERSION = 1.0;
				PRODUCT_BUNDLE_IDENTIFIER = azelenin.com.smuzy;
				PRODUCT_NAME = "$(TARGET_NAME)";
				SWIFT_EMIT_LOC_STRINGS = YES;
				SWIFT_VERSION = 5.0;
				TARGETED_DEVICE_FAMILY = "1,2";
			};
			name = Debug;
		};
		584A6A752A878BA8005FE04F /* Release */ = {
			isa = XCBuildConfiguration;
			buildSettings = {
				ASSETCATALOG_COMPILER_APPICON_NAME = AppIcon;
				ASSETCATALOG_COMPILER_GLOBAL_ACCENT_COLOR_NAME = AccentColor;
				CODE_SIGN_STYLE = Automatic;
				CURRENT_PROJECT_VERSION = 1;
				DEVELOPMENT_ASSET_PATHS = "\"smuzy/Preview Content\"";
				DEVELOPMENT_TEAM = 8QXV87X854;
				ENABLE_PREVIEWS = YES;
				GENERATE_INFOPLIST_FILE = YES;
				INFOPLIST_KEY_UIApplicationSceneManifest_Generation = YES;
				INFOPLIST_KEY_UIApplicationSupportsIndirectInputEvents = YES;
				INFOPLIST_KEY_UILaunchScreen_Generation = YES;
				INFOPLIST_KEY_UISupportedInterfaceOrientations_iPad = "UIInterfaceOrientationPortrait UIInterfaceOrientationPortraitUpsideDown UIInterfaceOrientationLandscapeLeft UIInterfaceOrientationLandscapeRight";
				INFOPLIST_KEY_UISupportedInterfaceOrientations_iPhone = "UIInterfaceOrientationPortrait UIInterfaceOrientationLandscapeLeft UIInterfaceOrientationLandscapeRight";
				LD_RUNPATH_SEARCH_PATHS = (
					"$(inherited)",
					"@executable_path/Frameworks",
				);
				MARKETING_VERSION = 1.0;
				PRODUCT_BUNDLE_IDENTIFIER = azelenin.com.smuzy;
				PRODUCT_NAME = "$(TARGET_NAME)";
				SWIFT_EMIT_LOC_STRINGS = YES;
				SWIFT_VERSION = 5.0;
				TARGETED_DEVICE_FAMILY = "1,2";
			};
			name = Release;
		};
/* End XCBuildConfiguration section */

/* Begin XCConfigurationList section */
		584A6A602A878BA7005FE04F /* Build configuration list for PBXProject "smuzy" */ = {
			isa = XCConfigurationList;
			buildConfigurations = (
				584A6A712A878BA8005FE04F /* Debug */,
				584A6A722A878BA8005FE04F /* Release */,
			);
			defaultConfigurationIsVisible = 0;
			defaultConfigurationName = Release;
		};
		584A6A732A878BA8005FE04F /* Build configuration list for PBXNativeTarget "smuzy" */ = {
			isa = XCConfigurationList;
			buildConfigurations = (
				584A6A742A878BA8005FE04F /* Debug */,
				584A6A752A878BA8005FE04F /* Release */,
			);
			defaultConfigurationIsVisible = 0;
			defaultConfigurationName = Release;
		};
/* End XCConfigurationList section */
	};
	rootObject = 584A6A5D2A878BA7005FE04F /* Project object */;
}
